# This file is generated by running "yarn install" inside your project.
# Manual changes might be lost - proceed with caution!

__metadata:
  version: 6
  cacheKey: 8

"@esbuild/android-arm64@npm:0.17.10":
  version: 0.17.10
  resolution: "@esbuild/android-arm64@npm:0.17.10"
  conditions: os=android & cpu=arm64
  languageName: node
  linkType: hard

"@esbuild/android-arm@npm:0.17.10":
  version: 0.17.10
  resolution: "@esbuild/android-arm@npm:0.17.10"
  conditions: os=android & cpu=arm
  languageName: node
  linkType: hard

"@esbuild/android-x64@npm:0.17.10":
  version: 0.17.10
  resolution: "@esbuild/android-x64@npm:0.17.10"
  conditions: os=android & cpu=x64
  languageName: node
  linkType: hard

"@esbuild/darwin-arm64@npm:0.17.10":
  version: 0.17.10
  resolution: "@esbuild/darwin-arm64@npm:0.17.10"
  conditions: os=darwin & cpu=arm64
  languageName: node
  linkType: hard

"@esbuild/darwin-x64@npm:0.17.10":
  version: 0.17.10
  resolution: "@esbuild/darwin-x64@npm:0.17.10"
  conditions: os=darwin & cpu=x64
  languageName: node
  linkType: hard

"@esbuild/freebsd-arm64@npm:0.17.10":
  version: 0.17.10
  resolution: "@esbuild/freebsd-arm64@npm:0.17.10"
  conditions: os=freebsd & cpu=arm64
  languageName: node
  linkType: hard

"@esbuild/freebsd-x64@npm:0.17.10":
  version: 0.17.10
  resolution: "@esbuild/freebsd-x64@npm:0.17.10"
  conditions: os=freebsd & cpu=x64
  languageName: node
  linkType: hard

"@esbuild/linux-arm64@npm:0.17.10":
  version: 0.17.10
  resolution: "@esbuild/linux-arm64@npm:0.17.10"
  conditions: os=linux & cpu=arm64
  languageName: node
  linkType: hard

"@esbuild/linux-arm@npm:0.17.10":
  version: 0.17.10
  resolution: "@esbuild/linux-arm@npm:0.17.10"
  conditions: os=linux & cpu=arm
  languageName: node
  linkType: hard

"@esbuild/linux-ia32@npm:0.17.10":
  version: 0.17.10
  resolution: "@esbuild/linux-ia32@npm:0.17.10"
  conditions: os=linux & cpu=ia32
  languageName: node
  linkType: hard

"@esbuild/linux-loong64@npm:0.17.10":
  version: 0.17.10
  resolution: "@esbuild/linux-loong64@npm:0.17.10"
  conditions: os=linux & cpu=loong64
  languageName: node
  linkType: hard

"@esbuild/linux-mips64el@npm:0.17.10":
  version: 0.17.10
  resolution: "@esbuild/linux-mips64el@npm:0.17.10"
  conditions: os=linux & cpu=mips64el
  languageName: node
  linkType: hard

"@esbuild/linux-ppc64@npm:0.17.10":
  version: 0.17.10
  resolution: "@esbuild/linux-ppc64@npm:0.17.10"
  conditions: os=linux & cpu=ppc64
  languageName: node
  linkType: hard

"@esbuild/linux-riscv64@npm:0.17.10":
  version: 0.17.10
  resolution: "@esbuild/linux-riscv64@npm:0.17.10"
  conditions: os=linux & cpu=riscv64
  languageName: node
  linkType: hard

"@esbuild/linux-s390x@npm:0.17.10":
  version: 0.17.10
  resolution: "@esbuild/linux-s390x@npm:0.17.10"
  conditions: os=linux & cpu=s390x
  languageName: node
  linkType: hard

"@esbuild/linux-x64@npm:0.17.10":
  version: 0.17.10
  resolution: "@esbuild/linux-x64@npm:0.17.10"
  conditions: os=linux & cpu=x64
  languageName: node
  linkType: hard

"@esbuild/netbsd-x64@npm:0.17.10":
  version: 0.17.10
  resolution: "@esbuild/netbsd-x64@npm:0.17.10"
  conditions: os=netbsd & cpu=x64
  languageName: node
  linkType: hard

"@esbuild/openbsd-x64@npm:0.17.10":
  version: 0.17.10
  resolution: "@esbuild/openbsd-x64@npm:0.17.10"
  conditions: os=openbsd & cpu=x64
  languageName: node
  linkType: hard

"@esbuild/sunos-x64@npm:0.17.10":
  version: 0.17.10
  resolution: "@esbuild/sunos-x64@npm:0.17.10"
  conditions: os=sunos & cpu=x64
  languageName: node
  linkType: hard

"@esbuild/win32-arm64@npm:0.17.10":
  version: 0.17.10
  resolution: "@esbuild/win32-arm64@npm:0.17.10"
  conditions: os=win32 & cpu=arm64
  languageName: node
  linkType: hard

"@esbuild/win32-ia32@npm:0.17.10":
  version: 0.17.10
  resolution: "@esbuild/win32-ia32@npm:0.17.10"
  conditions: os=win32 & cpu=ia32
  languageName: node
  linkType: hard

"@esbuild/win32-x64@npm:0.17.10":
  version: 0.17.10
  resolution: "@esbuild/win32-x64@npm:0.17.10"
  conditions: os=win32 & cpu=x64
  languageName: node
  linkType: hard

"@types/geojson@npm:*":
  version: 7946.0.10
  resolution: "@types/geojson@npm:7946.0.10"
  checksum: 12c407c2dc93ecb26c08af533ee732f1506a9b29456616ba7ba1d525df96206c28ddf44a528f6a5415d7d22893e9d967420940a9c095ee5e539c1eba5fefc1f4
  languageName: node
  linkType: hard

"@types/mapbox-gl@npm:^2.7.10":
  version: 2.7.10
  resolution: "@types/mapbox-gl@npm:2.7.10"
  dependencies:
    "@types/geojson": "*"
  checksum: 0ee433fa7510733fd7744796d8b04c9bbc6e087a3b46a114433528bd7f64b2b475a245bda3598d7cd1db5a9cf5ea93567d234594b7cd3106d32b0c9cbe333888
  languageName: node
  linkType: hard

"catskills@workspace:.":
  version: 0.0.0-use.local
  resolution: "catskills@workspace:."
  dependencies:
    "@types/mapbox-gl": ^2.7.10
    esbuild: ^0.17.10
    typescript: ^4.9.5
  languageName: unknown
  linkType: soft

"esbuild@npm:^0.17.10":
  version: 0.17.10
  resolution: "esbuild@npm:0.17.10"
  dependencies:
    "@esbuild/android-arm": 0.17.10
    "@esbuild/android-arm64": 0.17.10
    "@esbuild/android-x64": 0.17.10
    "@esbuild/darwin-arm64": 0.17.10
    "@esbuild/darwin-x64": 0.17.10
    "@esbuild/freebsd-arm64": 0.17.10
    "@esbuild/freebsd-x64": 0.17.10
    "@esbuild/linux-arm": 0.17.10
    "@esbuild/linux-arm64": 0.17.10
    "@esbuild/linux-ia32": 0.17.10
    "@esbuild/linux-loong64": 0.17.10
    "@esbuild/linux-mips64el": 0.17.10
    "@esbuild/linux-ppc64": 0.17.10
    "@esbuild/linux-riscv64": 0.17.10
    "@esbuild/linux-s390x": 0.17.10
    "@esbuild/linux-x64": 0.17.10
    "@esbuild/netbsd-x64": 0.17.10
    "@esbuild/openbsd-x64": 0.17.10
    "@esbuild/sunos-x64": 0.17.10
    "@esbuild/win32-arm64": 0.17.10
    "@esbuild/win32-ia32": 0.17.10
    "@esbuild/win32-x64": 0.17.10
  dependenciesMeta:
    "@esbuild/android-arm":
      optional: true
    "@esbuild/android-arm64":
      optional: true
    "@esbuild/android-x64":
      optional: true
    "@esbuild/darwin-arm64":
      optional: true
    "@esbuild/darwin-x64":
      optional: true
    "@esbuild/freebsd-arm64":
      optional: true
    "@esbuild/freebsd-x64":
      optional: true
    "@esbuild/linux-arm":
      optional: true
    "@esbuild/linux-arm64":
      optional: true
    "@esbuild/linux-ia32":
      optional: true
    "@esbuild/linux-loong64":
      optional: true
    "@esbuild/linux-mips64el":
      optional: true
    "@esbuild/linux-ppc64":
      optional: true
    "@esbuild/linux-riscv64":
      optional: true
    "@esbuild/linux-s390x":
      optional: true
    "@esbuild/linux-x64":
      optional: true
    "@esbuild/netbsd-x64":
      optional: true
    "@esbuild/openbsd-x64":
      optional: true
    "@esbuild/sunos-x64":
      optional: true
    "@esbuild/win32-arm64":
      optional: true
    "@esbuild/win32-ia32":
      optional: true
    "@esbuild/win32-x64":
      optional: true
  bin:
    esbuild: bin/esbuild
  checksum: 803de327036528c140b3d1d8e148604fd1446062b63d2b5a49cd8fe5fa607dc41be915f28dec1242be77164378e3ca27a2ed2968692a73cc833896c7bebc0e12
  languageName: node
  linkType: hard

"typescript@npm:^4.9.5":
  version: 4.9.5
  resolution: "typescript@npm:4.9.5"
  bin:
    tsc: bin/tsc
    tsserver: bin/tsserver
  checksum: ee000bc26848147ad423b581bd250075662a354d84f0e06eb76d3b892328d8d4440b7487b5a83e851b12b255f55d71835b008a66cbf8f255a11e4400159237db
  languageName: node
  linkType: hard

"typescript@patch:typescript@^4.9.5#~builtin<compat/typescript>":
  version: 4.9.5
  resolution: "typescript@patch:typescript@npm%3A4.9.5#~builtin<compat/typescript>::version=4.9.5&hash=23ec76"
  bin:
    tsc: bin/tsc
    tsserver: bin/tsserver
  checksum: ab417a2f398380c90a6cf5a5f74badd17866adf57f1165617d6a551f059c3ba0a3e4da0d147b3ac5681db9ac76a303c5876394b13b3de75fdd5b1eaa06181c9d
  languageName: node
  linkType: hard
